
Microsoft Visual Studio Solution File, Format Version 12.00
# Visual Studio Version 18
VisualStudioVersion = 18.0.11121.172
MinimumVisualStudioVersion = 10.0.40219.1
Project("{FAE04EC0-301F-11D3-BF4B-00C04F79EFBC}") = "Konu01Degiskenler", "Konu01Degiskenler\Konu01Degiskenler.csproj", "{0B2216FC-3528-4335-82C6-A40234AAF3CF}"
EndProject
Project("{FAE04EC0-301F-11D3-BF4B-00C04F79EFBC}") = "Konu02TipDonusumleri", "Konu02TipDonusumleri\Konu02TipDonusumleri.csproj", "{B99C2D7F-797C-408D-8A14-BB96A5737BF0}"
EndProject
Project("{FAE04EC0-301F-11D3-BF4B-00C04F79EFBC}") = "Konu03Operatorler", "Konu03Operatorler\Konu03Operatorler.csproj", "{3C076A96-3156-497D-9ED7-BC9FB7C82BFA}"
EndProject
Project("{FAE04EC0-301F-11D3-BF4B-00C04F79EFBC}") = "Konu04KararYapilari", "Konu04KararYapilari\Konu04KararYapilari.csproj", "{7A4A6C4B-EDFD-4A2A-B119-464AC832CBCE}"
EndProject
Project("{FAE04EC0-301F-11D3-BF4B-00C04F79EFBC}") = "Konu05Metotlar", "Konu05Metotlar\Konu05Metotlar.csproj", "{0CEA79B0-D163-4100-8CE9-22F49455D2E0}"
EndProject
Project("{FAE04EC0-301F-11D3-BF4B-00C04F79EFBC}") = "Konu06Diziler", "Konu06Diziler\Konu06Diziler.csproj", "{F370C054-BE29-4CE8-A331-6EBC7C6FF428}"
EndProject
Project("{FAE04EC0-301F-11D3-BF4B-00C04F79EFBC}") = "Konu07Donguler", "Konu07Donguler\Konu07Donguler.csproj", "{BB4F3DCB-9672-407D-9BDE-1B634ECFF0B7}"
EndProject
Project("{FAE04EC0-301F-11D3-BF4B-00C04F79EFBC}") = "Konu08SiniflarClasses", "Konu08SiniflarClasses\Konu08SiniflarClasses.csproj", "{06FFF32B-3FAB-409D-90E6-F526443CB19A}"
EndProject
Project("{FAE04EC0-301F-11D3-BF4B-00C04F79EFBC}") = "Konu09StructYapilar", "Konu09StructYapilar\Konu09StructYapilar.csproj", "{8B5586DE-9CDF-4E5E-B896-CB31A04DD4A9}"
EndProject
Project("{FAE04EC0-301F-11D3-BF4B-00C04F79EFBC}") = "Konu10StringSinifi", "Konu10StringSinifi\Konu10StringSinifi.csproj", "{80AEE3C5-E790-4E1E-A5AC-0AA1E4F66144}"
EndProject
Project("{FAE04EC0-301F-11D3-BF4B-00C04F79EFBC}") = "Konu11Enumlar", "Konu11Enumlar\Konu11Enumlar.csproj", "{C5417C6B-D932-457C-8D8D-44EED530E067}"
EndProject
Project("{FAE04EC0-301F-11D3-BF4B-00C04F79EFBC}") = "Konu12KalitimInheritance", "Konu12KalitimInheritance\Konu12KalitimInheritance.csproj", "{FEBEB9E4-4102-4B9E-B1B4-55F54FA5AE39}"
EndProject
Project("{FAE04EC0-301F-11D3-BF4B-00C04F79EFBC}") = "Konu13KapsüllemeEncapsulation", "Konu13KapsüllemeEncapsulation\Konu13KapsüllemeEncapsulation.csproj", "{8ACBEC40-03AC-4473-9347-F351E022E5F8}"
EndProject
Project("{FAE04EC0-301F-11D3-BF4B-00C04F79EFBC}") = "Konu14InterfacesArayüzler", "Konu14InterfacesArayüzler\Konu14InterfacesArayüzler.csproj", "{AF48A095-91DB-4ECA-A5B7-F7B792A9208E}"
EndProject
Project("{FAE04EC0-301F-11D3-BF4B-00C04F79EFBC}") = "Konu15AbstractClasses", "Konu15AbstractClasses\Konu15AbstractClasses.csproj", "{369E926D-9210-4C89-8E99-BFE0540EF4A9}"
EndProject
Project("{FAE04EC0-301F-11D3-BF4B-00C04F79EFBC}") = "Konu16CollectionsKoleksiyonlar", "Konu16CollectionsKoleksiyonlar\Konu16CollectionsKoleksiyonlar.csproj", "{A1AC3865-CE5C-413E-869B-E41A07A830BC}"
EndProject
Project("{FAE04EC0-301F-11D3-BF4B-00C04F79EFBC}") = "Konu17HataYonetimi", "Konu17HataYonetimi\Konu17HataYonetimi.csproj", "{62178FCC-F6BD-4B78-A995-EC89237D3DF4}"
EndProject
Project("{FAE04EC0-301F-11D3-BF4B-00C04F79EFBC}") = "SOLIDPrensipleri", "SOLIDPrensipleri\SOLIDPrensipleri.csproj", "{2CF184C4-90DA-48CE-8767-3AAC14BA781B}"
EndProject
Project("{FAE04EC0-301F-11D3-BF4B-00C04F79EFBC}") = "WindowsFormsEgitimi", "WindowsFormsEgitimi\WindowsFormsEgitimi.csproj", "{F3A534E6-50CA-4E00-933F-2D1151AE39ED}"
EndProject
Project("{FAE04EC0-301F-11D3-BF4B-00C04F79EFBC}") = "WindowsFormsAppAdoNetCRUD", "WindowsFormsAppAdoNetCRUD\WindowsFormsAppAdoNetCRUD.csproj", "{3A7FE2AA-4063-415C-ABBA-0F32294C305C}"
EndProject
Project("{FAE04EC0-301F-11D3-BF4B-00C04F79EFBC}") = "WindowsFormsAppEntityFrameworkCRUD", "WindowsFormsAppEntityFrameworkCRUD\WindowsFormsAppEntityFrameworkCRUD.csproj", "{BFD2F7A3-A724-4F79-99E9-48D8856FBDBA}"
EndProject
Project("{FAE04EC0-301F-11D3-BF4B-00C04F79EFBC}") = "WebEgitimi", "WebEgitimi\WebEgitimi.csproj", "{60EB5B7F-7B1A-49B3-93A0-45B56E93169A}"
EndProject
Project("{FAE04EC0-301F-11D3-BF4B-00C04F79EFBC}") = "NetFrameworkMVCEgitimi", "NetFrameworkMVCEgitimi\NetFrameworkMVCEgitimi.csproj", "{05761972-BFAF-4499-AB23-7822B7799EA5}"
EndProject
Global
	GlobalSection(SolutionConfigurationPlatforms) = preSolution
		Debug|Any CPU = Debug|Any CPU
		Release|Any CPU = Release|Any CPU
	EndGlobalSection
	GlobalSection(ProjectConfigurationPlatforms) = postSolution
		{0B2216FC-3528-4335-82C6-A40234AAF3CF}.Debug|Any CPU.ActiveCfg = Debug|Any CPU
		{0B2216FC-3528-4335-82C6-A40234AAF3CF}.Debug|Any CPU.Build.0 = Debug|Any CPU
		{0B2216FC-3528-4335-82C6-A40234AAF3CF}.Release|Any CPU.ActiveCfg = Release|Any CPU
		{0B2216FC-3528-4335-82C6-A40234AAF3CF}.Release|Any CPU.Build.0 = Release|Any CPU
		{B99C2D7F-797C-408D-8A14-BB96A5737BF0}.Debug|Any CPU.ActiveCfg = Debug|Any CPU
		{B99C2D7F-797C-408D-8A14-BB96A5737BF0}.Debug|Any CPU.Build.0 = Debug|Any CPU
		{B99C2D7F-797C-408D-8A14-BB96A5737BF0}.Release|Any CPU.ActiveCfg = Release|Any CPU
		{B99C2D7F-797C-408D-8A14-BB96A5737BF0}.Release|Any CPU.Build.0 = Release|Any CPU
		{3C076A96-3156-497D-9ED7-BC9FB7C82BFA}.Debug|Any CPU.ActiveCfg = Debug|Any CPU
		{3C076A96-3156-497D-9ED7-BC9FB7C82BFA}.Debug|Any CPU.Build.0 = Debug|Any CPU
		{3C076A96-3156-497D-9ED7-BC9FB7C82BFA}.Release|Any CPU.ActiveCfg = Release|Any CPU
		{3C076A96-3156-497D-9ED7-BC9FB7C82BFA}.Release|Any CPU.Build.0 = Release|Any CPU
		{7A4A6C4B-EDFD-4A2A-B119-464AC832CBCE}.Debug|Any CPU.ActiveCfg = Debug|Any CPU
		{7A4A6C4B-EDFD-4A2A-B119-464AC832CBCE}.Debug|Any CPU.Build.0 = Debug|Any CPU
		{7A4A6C4B-EDFD-4A2A-B119-464AC832CBCE}.Release|Any CPU.ActiveCfg = Release|Any CPU
		{7A4A6C4B-EDFD-4A2A-B119-464AC832CBCE}.Release|Any CPU.Build.0 = Release|Any CPU
		{0CEA79B0-D163-4100-8CE9-22F49455D2E0}.Debug|Any CPU.ActiveCfg = Debug|Any CPU
		{0CEA79B0-D163-4100-8CE9-22F49455D2E0}.Debug|Any CPU.Build.0 = Debug|Any CPU
		{0CEA79B0-D163-4100-8CE9-22F49455D2E0}.Release|Any CPU.ActiveCfg = Release|Any CPU
		{0CEA79B0-D163-4100-8CE9-22F49455D2E0}.Release|Any CPU.Build.0 = Release|Any CPU
		{F370C054-BE29-4CE8-A331-6EBC7C6FF428}.Debug|Any CPU.ActiveCfg = Debug|Any CPU
		{F370C054-BE29-4CE8-A331-6EBC7C6FF428}.Debug|Any CPU.Build.0 = Debug|Any CPU
		{F370C054-BE29-4CE8-A331-6EBC7C6FF428}.Release|Any CPU.ActiveCfg = Release|Any CPU
		{F370C054-BE29-4CE8-A331-6EBC7C6FF428}.Release|Any CPU.Build.0 = Release|Any CPU
		{BB4F3DCB-9672-407D-9BDE-1B634ECFF0B7}.Debug|Any CPU.ActiveCfg = Debug|Any CPU
		{BB4F3DCB-9672-407D-9BDE-1B634ECFF0B7}.Debug|Any CPU.Build.0 = Debug|Any CPU
		{BB4F3DCB-9672-407D-9BDE-1B634ECFF0B7}.Release|Any CPU.ActiveCfg = Release|Any CPU
		{BB4F3DCB-9672-407D-9BDE-1B634ECFF0B7}.Release|Any CPU.Build.0 = Release|Any CPU
		{06FFF32B-3FAB-409D-90E6-F526443CB19A}.Debug|Any CPU.ActiveCfg = Debug|Any CPU
		{06FFF32B-3FAB-409D-90E6-F526443CB19A}.Debug|Any CPU.Build.0 = Debug|Any CPU
		{06FFF32B-3FAB-409D-90E6-F526443CB19A}.Release|Any CPU.ActiveCfg = Release|Any CPU
		{06FFF32B-3FAB-409D-90E6-F526443CB19A}.Release|Any CPU.Build.0 = Release|Any CPU
		{8B5586DE-9CDF-4E5E-B896-CB31A04DD4A9}.Debug|Any CPU.ActiveCfg = Debug|Any CPU
		{8B5586DE-9CDF-4E5E-B896-CB31A04DD4A9}.Debug|Any CPU.Build.0 = Debug|Any CPU
		{8B5586DE-9CDF-4E5E-B896-CB31A04DD4A9}.Release|Any CPU.ActiveCfg = Release|Any CPU
		{8B5586DE-9CDF-4E5E-B896-CB31A04DD4A9}.Release|Any CPU.Build.0 = Release|Any CPU
		{80AEE3C5-E790-4E1E-A5AC-0AA1E4F66144}.Debug|Any CPU.ActiveCfg = Debug|Any CPU
		{80AEE3C5-E790-4E1E-A5AC-0AA1E4F66144}.Debug|Any CPU.Build.0 = Debug|Any CPU
		{80AEE3C5-E790-4E1E-A5AC-0AA1E4F66144}.Release|Any CPU.ActiveCfg = Release|Any CPU
		{80AEE3C5-E790-4E1E-A5AC-0AA1E4F66144}.Release|Any CPU.Build.0 = Release|Any CPU
		{C5417C6B-D932-457C-8D8D-44EED530E067}.Debug|Any CPU.ActiveCfg = Debug|Any CPU
		{C5417C6B-D932-457C-8D8D-44EED530E067}.Debug|Any CPU.Build.0 = Debug|Any CPU
		{C5417C6B-D932-457C-8D8D-44EED530E067}.Release|Any CPU.ActiveCfg = Release|Any CPU
		{C5417C6B-D932-457C-8D8D-44EED530E067}.Release|Any CPU.Build.0 = Release|Any CPU
		{FEBEB9E4-4102-4B9E-B1B4-55F54FA5AE39}.Debug|Any CPU.ActiveCfg = Debug|Any CPU
		{FEBEB9E4-4102-4B9E-B1B4-55F54FA5AE39}.Debug|Any CPU.Build.0 = Debug|Any CPU
		{FEBEB9E4-4102-4B9E-B1B4-55F54FA5AE39}.Release|Any CPU.ActiveCfg = Release|Any CPU
		{FEBEB9E4-4102-4B9E-B1B4-55F54FA5AE39}.Release|Any CPU.Build.0 = Release|Any CPU
		{8ACBEC40-03AC-4473-9347-F351E022E5F8}.Debug|Any CPU.ActiveCfg = Debug|Any CPU
		{8ACBEC40-03AC-4473-9347-F351E022E5F8}.Debug|Any CPU.Build.0 = Debug|Any CPU
		{8ACBEC40-03AC-4473-9347-F351E022E5F8}.Release|Any CPU.ActiveCfg = Release|Any CPU
		{8ACBEC40-03AC-4473-9347-F351E022E5F8}.Release|Any CPU.Build.0 = Release|Any CPU
		{AF48A095-91DB-4ECA-A5B7-F7B792A9208E}.Debug|Any CPU.ActiveCfg = Debug|Any CPU
		{AF48A095-91DB-4ECA-A5B7-F7B792A9208E}.Debug|Any CPU.Build.0 = Debug|Any CPU
		{AF48A095-91DB-4ECA-A5B7-F7B792A9208E}.Release|Any CPU.ActiveCfg = Release|Any CPU
		{AF48A095-91DB-4ECA-A5B7-F7B792A9208E}.Release|Any CPU.Build.0 = Release|Any CPU
		{369E926D-9210-4C89-8E99-BFE0540EF4A9}.Debug|Any CPU.ActiveCfg = Debug|Any CPU
		{369E926D-9210-4C89-8E99-BFE0540EF4A9}.Debug|Any CPU.Build.0 = Debug|Any CPU
		{369E926D-9210-4C89-8E99-BFE0540EF4A9}.Release|Any CPU.ActiveCfg = Release|Any CPU
		{369E926D-9210-4C89-8E99-BFE0540EF4A9}.Release|Any CPU.Build.0 = Release|Any CPU
		{A1AC3865-CE5C-413E-869B-E41A07A830BC}.Debug|Any CPU.ActiveCfg = Debug|Any CPU
		{A1AC3865-CE5C-413E-869B-E41A07A830BC}.Debug|Any CPU.Build.0 = Debug|Any CPU
		{A1AC3865-CE5C-413E-869B-E41A07A830BC}.Release|Any CPU.ActiveCfg = Release|Any CPU
		{A1AC3865-CE5C-413E-869B-E41A07A830BC}.Release|Any CPU.Build.0 = Release|Any CPU
		{62178FCC-F6BD-4B78-A995-EC89237D3DF4}.Debug|Any CPU.ActiveCfg = Debug|Any CPU
		{62178FCC-F6BD-4B78-A995-EC89237D3DF4}.Debug|Any CPU.Build.0 = Debug|Any CPU
		{62178FCC-F6BD-4B78-A995-EC89237D3DF4}.Release|Any CPU.ActiveCfg = Release|Any CPU
		{62178FCC-F6BD-4B78-A995-EC89237D3DF4}.Release|Any CPU.Build.0 = Release|Any CPU
		{2CF184C4-90DA-48CE-8767-3AAC14BA781B}.Debug|Any CPU.ActiveCfg = Debug|Any CPU
		{2CF184C4-90DA-48CE-8767-3AAC14BA781B}.Debug|Any CPU.Build.0 = Debug|Any CPU
		{2CF184C4-90DA-48CE-8767-3AAC14BA781B}.Release|Any CPU.ActiveCfg = Release|Any CPU
		{2CF184C4-90DA-48CE-8767-3AAC14BA781B}.Release|Any CPU.Build.0 = Release|Any CPU
		{F3A534E6-50CA-4E00-933F-2D1151AE39ED}.Debug|Any CPU.ActiveCfg = Debug|Any CPU
		{F3A534E6-50CA-4E00-933F-2D1151AE39ED}.Debug|Any CPU.Build.0 = Debug|Any CPU
		{F3A534E6-50CA-4E00-933F-2D1151AE39ED}.Release|Any CPU.ActiveCfg = Release|Any CPU
		{F3A534E6-50CA-4E00-933F-2D1151AE39ED}.Release|Any CPU.Build.0 = Release|Any CPU
		{3A7FE2AA-4063-415C-ABBA-0F32294C305C}.Debug|Any CPU.ActiveCfg = Debug|Any CPU
		{3A7FE2AA-4063-415C-ABBA-0F32294C305C}.Debug|Any CPU.Build.0 = Debug|Any CPU
		{3A7FE2AA-4063-415C-ABBA-0F32294C305C}.Release|Any CPU.ActiveCfg = Release|Any CPU
		{3A7FE2AA-4063-415C-ABBA-0F32294C305C}.Release|Any CPU.Build.0 = Release|Any CPU
		{BFD2F7A3-A724-4F79-99E9-48D8856FBDBA}.Debug|Any CPU.ActiveCfg = Debug|Any CPU
		{BFD2F7A3-A724-4F79-99E9-48D8856FBDBA}.Debug|Any CPU.Build.0 = Debug|Any CPU
		{BFD2F7A3-A724-4F79-99E9-48D8856FBDBA}.Release|Any CPU.ActiveCfg = Release|Any CPU
		{BFD2F7A3-A724-4F79-99E9-48D8856FBDBA}.Release|Any CPU.Build.0 = Release|Any CPU
		{60EB5B7F-7B1A-49B3-93A0-45B56E93169A}.Debug|Any CPU.ActiveCfg = Debug|Any CPU
		{60EB5B7F-7B1A-49B3-93A0-45B56E93169A}.Debug|Any CPU.Build.0 = Debug|Any CPU
		{60EB5B7F-7B1A-49B3-93A0-45B56E93169A}.Release|Any CPU.ActiveCfg = Release|Any CPU
		{60EB5B7F-7B1A-49B3-93A0-45B56E93169A}.Release|Any CPU.Build.0 = Release|Any CPU
		{05761972-BFAF-4499-AB23-7822B7799EA5}.Debug|Any CPU.ActiveCfg = Debug|Any CPU
		{05761972-BFAF-4499-AB23-7822B7799EA5}.Debug|Any CPU.Build.0 = Debug|Any CPU
		{05761972-BFAF-4499-AB23-7822B7799EA5}.Release|Any CPU.ActiveCfg = Release|Any CPU
		{05761972-BFAF-4499-AB23-7822B7799EA5}.Release|Any CPU.Build.0 = Release|Any CPU
	EndGlobalSection
	GlobalSection(SolutionProperties) = preSolution
		HideSolutionNode = FALSE
	EndGlobalSection
	GlobalSection(ExtensibilityGlobals) = postSolution
		SolutionGuid = {6B4BB54A-EA23-4A6E-9ACD-730E7447D3F1}
	EndGlobalSection
EndGlobal
